
Microsoft Visual Studio Solution File, Format Version 12.00
# Visual Studio Version 16
VisualStudioVersion = 16.0.32630.194
MinimumVisualStudioVersion = 10.0.40219.1
Project("{FAE04EC0-301F-11D3-BF4B-00C04F79EFBC}") = "BlogSitesi", "BlogSitesi\BlogSitesi.csproj", "{AB8E534D-3899-4F4D-9E91-263A670B967C}"
EndProject
Global
	GlobalSection(SolutionConfigurationPlatforms) = preSolution
		Debug|Any CPU = Debug|Any CPU
		Release|Any CPU = Release|Any CPU
	EndGlobalSection
	GlobalSection(ProjectConfigurationPlatforms) = postSolution
		{AB8E534D-3899-4F4D-9E91-263A670B967C}.Debug|Any CPU.ActiveCfg = Debug|Any CPU
		{AB8E534D-3899-4F4D-9E91-263A670B967C}.Debug|Any CPU.Build.0 = Debug|Any CPU
		{AB8E534D-3899-4F4D-9E91-263A670B967C}.Release|Any CPU.ActiveCfg = Release|Any CPU
		{AB8E534D-3899-4F4D-9E91-263A670B967C}.Release|Any CPU.Build.0 = Release|Any CPU
	EndGlobalSection
	GlobalSection(SolutionProperties) = preSolution
		HideSolutionNode = FALSE
	EndGlobalSection
	GlobalSection(ExtensibilityGlobals) = postSolution
		SolutionGuid = {84D68B01-7285-4EC2-B628-23BDACFB1E31}
	EndGlobalSection
EndGlobal
